
Microsoft Visual Studio Solution File, Format Version 12.00
# Visual Studio Version 16
VisualStudioVersion = 16.0.31205.134
MinimumVisualStudioVersion = 10.0.40219.1
Project("{FAE04EC0-301F-11D3-BF4B-00C04F79EFBC}") = "CSharpCollections", "CSharpCollections.csproj", "{BAC2B6AB-EB1F-4BC5-8BF0-70246271D88D}"
EndProject
Global
	GlobalSection(SolutionConfigurationPlatforms) = preSolution
		Debug|Any CPU = Debug|Any CPU
		Release|Any CPU = Release|Any CPU
	EndGlobalSection
	GlobalSection(ProjectConfigurationPlatforms) = postSolution
		{BAC2B6AB-EB1F-4BC5-8BF0-70246271D88D}.Debug|Any CPU.ActiveCfg = Debug|Any CPU
		{BAC2B6AB-EB1F-4BC5-8BF0-70246271D88D}.Debug|Any CPU.Build.0 = Debug|Any CPU
		{BAC2B6AB-EB1F-4BC5-8BF0-70246271D88D}.Release|Any CPU.ActiveCfg = Release|Any CPU
		{BAC2B6AB-EB1F-4BC5-8BF0-70246271D88D}.Release|Any CPU.Build.0 = Release|Any CPU
	EndGlobalSection
	GlobalSection(SolutionProperties) = preSolution
		HideSolutionNode = FALSE
	EndGlobalSection
	GlobalSection(ExtensibilityGlobals) = postSolution
		SolutionGuid = {C48C339D-E61B-47C0-8008-769C7AEF4470}
	EndGlobalSection
EndGlobal
